
Microsoft Visual Studio Solution File, Format Version 12.00
# Visual Studio 15
VisualStudioVersion = 15.0.26430.6
MinimumVisualStudioVersion = 10.0.40219.1
Project("{FAE04EC0-301F-11D3-BF4B-00C04F79EFBC}") = "B2C-WebApi", "B2C-WebApi\B2C-WebApi.csproj", "{4ADDD163-63F7-4BDF-BF3D-1DA02712C491}"
EndProject
Global
	GlobalSection(SolutionConfigurationPlatforms) = preSolution
		Debug|Any CPU = Debug|Any CPU
		Release|Any CPU = Release|Any CPU
	EndGlobalSection
	GlobalSection(ProjectConfigurationPlatforms) = postSolution
		{4ADDD163-63F7-4BDF-BF3D-1DA02712C491}.Debug|Any CPU.ActiveCfg = Debug|Any CPU
		{4ADDD163-63F7-4BDF-BF3D-1DA02712C491}.Debug|Any CPU.Build.0 = Debug|Any CPU
		{4ADDD163-63F7-4BDF-BF3D-1DA02712C491}.Release|Any CPU.ActiveCfg = Release|Any CPU
		{4ADDD163-63F7-4BDF-BF3D-1DA02712C491}.Release|Any CPU.Build.0 = Release|Any CPU
	EndGlobalSection
	GlobalSection(SolutionProperties) = preSolution
		HideSolutionNode = FALSE
	EndGlobalSection
EndGlobal
